
Microsoft Visual Studio Solution File, Format Version 12.00
# Visual Studio Version 17
VisualStudioVersion = 17.3.32825.248
MinimumVisualStudioVersion = 10.0.40219.1
Project("{FAE04EC0-301F-11D3-BF4B-00C04F79EFBC}") = "ballGameWF", "ballGameWF\ballGameWF.csproj", "{EADA132F-1458-4291-B1EB-63CA4A277499}"
EndProject
Global
	GlobalSection(SolutionConfigurationPlatforms) = preSolution
		Debug|Any CPU = Debug|Any CPU
		Release|Any CPU = Release|Any CPU
	EndGlobalSection
	GlobalSection(ProjectConfigurationPlatforms) = postSolution
		{EADA132F-1458-4291-B1EB-63CA4A277499}.Debug|Any CPU.ActiveCfg = Debug|Any CPU
		{EADA132F-1458-4291-B1EB-63CA4A277499}.Debug|Any CPU.Build.0 = Debug|Any CPU
		{EADA132F-1458-4291-B1EB-63CA4A277499}.Release|Any CPU.ActiveCfg = Release|Any CPU
		{EADA132F-1458-4291-B1EB-63CA4A277499}.Release|Any CPU.Build.0 = Release|Any CPU
	EndGlobalSection
	GlobalSection(SolutionProperties) = preSolution
		HideSolutionNode = FALSE
	EndGlobalSection
	GlobalSection(ExtensibilityGlobals) = postSolution
		SolutionGuid = {DBBF1185-4412-4314-A53A-AFD65379AE39}
	EndGlobalSection
EndGlobal
